
Microsoft Visual Studio Solution File, Format Version 12.00
# Visual Studio 2012
Project("{FAE04EC0-301F-11D3-BF4B-00C04F79EFBC}") = "Waid", "Waid\Waid.csproj", "{45F49683-4C33-4B94-8E5B-6D432C951791}"
EndProject
Project("{FAE04EC0-301F-11D3-BF4B-00C04F79EFBC}") = "WaidWeb", "WaidWeb\WaidWeb.csproj", "{67D60D27-4081-458E-8C39-963616C14F5B}"
EndProject
Project("{CC5FD16D-436D-48AD-A40C-5A424C6E3E79}") = "WaidCloud", "WaidCloud\WaidCloud.ccproj", "{1B56307D-AD64-4D46-8FCF-DECA0ADEB667}"
	ProjectSection(ProjectDependencies) = postProject
		{67D60D27-4081-458E-8C39-963616C14F5B} = {67D60D27-4081-458E-8C39-963616C14F5B}
	EndProjectSection
EndProject
Project("{FAE04EC0-301F-11D3-BF4B-00C04F79EFBC}") = "Waid.WindowsAzure", "Waid.WindowsAzure\Waid.WindowsAzure.csproj", "{D166DF5F-35F2-41AE-A054-0ED5FE690737}"
EndProject
Project("{FAE04EC0-301F-11D3-BF4B-00C04F79EFBC}") = "Waid.Tests", "Waid.Tests\Waid.Tests.csproj", "{F8DB40E4-7478-4177-97ED-7E3F32B8E21A}"
EndProject
Project("{FAE04EC0-301F-11D3-BF4B-00C04F79EFBC}") = "WaidProduction", "Waid\WaidProduction.csproj", "{C69D505F-A7D5-468E-9412-0223AA40025B}"
EndProject
Global
	GlobalSection(SolutionConfigurationPlatforms) = preSolution
		Debug|Any CPU = Debug|Any CPU
		Debug|Mixed Platforms = Debug|Mixed Platforms
		Debug|x86 = Debug|x86
		Release|Any CPU = Release|Any CPU
		Release|Mixed Platforms = Release|Mixed Platforms
		Release|x86 = Release|x86
	EndGlobalSection
	GlobalSection(ProjectConfigurationPlatforms) = postSolution
		{45F49683-4C33-4B94-8E5B-6D432C951791}.Debug|Any CPU.ActiveCfg = Debug|Any CPU
		{45F49683-4C33-4B94-8E5B-6D432C951791}.Debug|Any CPU.Build.0 = Debug|Any CPU
		{45F49683-4C33-4B94-8E5B-6D432C951791}.Debug|Mixed Platforms.ActiveCfg = Debug|Any CPU
		{45F49683-4C33-4B94-8E5B-6D432C951791}.Debug|Mixed Platforms.Build.0 = Debug|Any CPU
		{45F49683-4C33-4B94-8E5B-6D432C951791}.Debug|x86.ActiveCfg = Debug|Any CPU
		{45F49683-4C33-4B94-8E5B-6D432C951791}.Release|Any CPU.ActiveCfg = Release|Any CPU
		{45F49683-4C33-4B94-8E5B-6D432C951791}.Release|Any CPU.Build.0 = Release|Any CPU
		{45F49683-4C33-4B94-8E5B-6D432C951791}.Release|Mixed Platforms.ActiveCfg = Release|Any CPU
		{45F49683-4C33-4B94-8E5B-6D432C951791}.Release|Mixed Platforms.Build.0 = Release|Any CPU
		{45F49683-4C33-4B94-8E5B-6D432C951791}.Release|x86.ActiveCfg = Release|Any CPU
		{67D60D27-4081-458E-8C39-963616C14F5B}.Debug|Any CPU.ActiveCfg = Debug|Any CPU
		{67D60D27-4081-458E-8C39-963616C14F5B}.Debug|Any CPU.Build.0 = Debug|Any CPU
		{67D60D27-4081-458E-8C39-963616C14F5B}.Debug|Mixed Platforms.ActiveCfg = Debug|Any CPU
		{67D60D27-4081-458E-8C39-963616C14F5B}.Debug|Mixed Platforms.Build.0 = Debug|Any CPU
		{67D60D27-4081-458E-8C39-963616C14F5B}.Debug|x86.ActiveCfg = Debug|Any CPU
		{67D60D27-4081-458E-8C39-963616C14F5B}.Release|Any CPU.ActiveCfg = Release|Any CPU
		{67D60D27-4081-458E-8C39-963616C14F5B}.Release|Any CPU.Build.0 = Release|Any CPU
		{67D60D27-4081-458E-8C39-963616C14F5B}.Release|Mixed Platforms.ActiveCfg = Release|Any CPU
		{67D60D27-4081-458E-8C39-963616C14F5B}.Release|Mixed Platforms.Build.0 = Release|Any CPU
		{67D60D27-4081-458E-8C39-963616C14F5B}.Release|x86.ActiveCfg = Release|Any CPU
		{1B56307D-AD64-4D46-8FCF-DECA0ADEB667}.Debug|Any CPU.ActiveCfg = Debug|Any CPU
		{1B56307D-AD64-4D46-8FCF-DECA0ADEB667}.Debug|Any CPU.Build.0 = Debug|Any CPU
		{1B56307D-AD64-4D46-8FCF-DECA0ADEB667}.Debug|Mixed Platforms.ActiveCfg = Debug|Any CPU
		{1B56307D-AD64-4D46-8FCF-DECA0ADEB667}.Debug|Mixed Platforms.Build.0 = Debug|Any CPU
		{1B56307D-AD64-4D46-8FCF-DECA0ADEB667}.Debug|x86.ActiveCfg = Debug|Any CPU
		{1B56307D-AD64-4D46-8FCF-DECA0ADEB667}.Release|Any CPU.ActiveCfg = Release|Any CPU
		{1B56307D-AD64-4D46-8FCF-DECA0ADEB667}.Release|Any CPU.Build.0 = Release|Any CPU
		{1B56307D-AD64-4D46-8FCF-DECA0ADEB667}.Release|Mixed Platforms.ActiveCfg = Release|Any CPU
		{1B56307D-AD64-4D46-8FCF-DECA0ADEB667}.Release|Mixed Platforms.Build.0 = Release|Any CPU
		{1B56307D-AD64-4D46-8FCF-DECA0ADEB667}.Release|x86.ActiveCfg = Release|Any CPU
		{D166DF5F-35F2-41AE-A054-0ED5FE690737}.Debug|Any CPU.ActiveCfg = Debug|Any CPU
		{D166DF5F-35F2-41AE-A054-0ED5FE690737}.Debug|Any CPU.Build.0 = Debug|Any CPU
		{D166DF5F-35F2-41AE-A054-0ED5FE690737}.Debug|Mixed Platforms.ActiveCfg = Debug|Any CPU
		{D166DF5F-35F2-41AE-A054-0ED5FE690737}.Debug|Mixed Platforms.Build.0 = Debug|Any CPU
		{D166DF5F-35F2-41AE-A054-0ED5FE690737}.Debug|x86.ActiveCfg = Debug|Any CPU
		{D166DF5F-35F2-41AE-A054-0ED5FE690737}.Release|Any CPU.ActiveCfg = Release|Any CPU
		{D166DF5F-35F2-41AE-A054-0ED5FE690737}.Release|Any CPU.Build.0 = Release|Any CPU
		{D166DF5F-35F2-41AE-A054-0ED5FE690737}.Release|Mixed Platforms.ActiveCfg = Release|Any CPU
		{D166DF5F-35F2-41AE-A054-0ED5FE690737}.Release|Mixed Platforms.Build.0 = Release|Any CPU
		{D166DF5F-35F2-41AE-A054-0ED5FE690737}.Release|x86.ActiveCfg = Release|Any CPU
		{F8DB40E4-7478-4177-97ED-7E3F32B8E21A}.Debug|Any CPU.ActiveCfg = Debug|Any CPU
		{F8DB40E4-7478-4177-97ED-7E3F32B8E21A}.Debug|Any CPU.Build.0 = Debug|Any CPU
		{F8DB40E4-7478-4177-97ED-7E3F32B8E21A}.Debug|Mixed Platforms.ActiveCfg = Debug|Any CPU
		{F8DB40E4-7478-4177-97ED-7E3F32B8E21A}.Debug|Mixed Platforms.Build.0 = Debug|Any CPU
		{F8DB40E4-7478-4177-97ED-7E3F32B8E21A}.Debug|x86.ActiveCfg = Debug|Any CPU
		{F8DB40E4-7478-4177-97ED-7E3F32B8E21A}.Release|Any CPU.ActiveCfg = Release|Any CPU
		{F8DB40E4-7478-4177-97ED-7E3F32B8E21A}.Release|Any CPU.Build.0 = Release|Any CPU
		{F8DB40E4-7478-4177-97ED-7E3F32B8E21A}.Release|Mixed Platforms.ActiveCfg = Release|Any CPU
		{F8DB40E4-7478-4177-97ED-7E3F32B8E21A}.Release|Mixed Platforms.Build.0 = Release|Any CPU
		{F8DB40E4-7478-4177-97ED-7E3F32B8E21A}.Release|x86.ActiveCfg = Release|Any CPU
		{C69D505F-A7D5-468E-9412-0223AA40025B}.Debug|Any CPU.ActiveCfg = Debug|Any CPU
		{C69D505F-A7D5-468E-9412-0223AA40025B}.Debug|Any CPU.Build.0 = Debug|Any CPU
		{C69D505F-A7D5-468E-9412-0223AA40025B}.Debug|Mixed Platforms.ActiveCfg = Debug|Any CPU
		{C69D505F-A7D5-468E-9412-0223AA40025B}.Debug|Mixed Platforms.Build.0 = Debug|Any CPU
		{C69D505F-A7D5-468E-9412-0223AA40025B}.Debug|x86.ActiveCfg = Debug|Any CPU
		{C69D505F-A7D5-468E-9412-0223AA40025B}.Release|Any CPU.ActiveCfg = Release|Any CPU
		{C69D505F-A7D5-468E-9412-0223AA40025B}.Release|Any CPU.Build.0 = Release|Any CPU
		{C69D505F-A7D5-468E-9412-0223AA40025B}.Release|Mixed Platforms.ActiveCfg = Release|Any CPU
		{C69D505F-A7D5-468E-9412-0223AA40025B}.Release|Mixed Platforms.Build.0 = Release|Any CPU
		{C69D505F-A7D5-468E-9412-0223AA40025B}.Release|x86.ActiveCfg = Release|Any CPU
	EndGlobalSection
	GlobalSection(SolutionProperties) = preSolution
		HideSolutionNode = FALSE
	EndGlobalSection
EndGlobal
